// !$*UTF8*$!
{
	archiveVersion = 1;
	classes = {
	};
	objectVersion = 48;
	objects = {

/* Begin PBXBuildFile section */
		895D526A205D4409005A1765 /* AppDelegate.m in Sources */ = {isa = PBXBuildFile; fileRef = 895D5269205D4409005A1765 /* AppDelegate.m */; };
		895D526D205D4409005A1765 /* ViewController.m in Sources */ = {isa = PBXBuildFile; fileRef = 895D526C205D4409005A1765 /* ViewController.m */; };
		895D5270205D4409005A1765 /* Main.storyboard in Resources */ = {isa = PBXBuildFile; fileRef = 895D526E205D4409005A1765 /* Main.storyboard */; };
		895D5272205D4409005A1765 /* Assets.xcassets in Resources */ = {isa = PBXBuildFile; fileRef = 895D5271205D4409005A1765 /* Assets.xcassets */; };
		895D5275205D4409005A1765 /* LaunchScreen.storyboard in Resources */ = {isa = PBXBuildFile; fileRef = 895D5273205D4409005A1765 /* LaunchScreen.storyboard */; };
		895D5278205D4409005A1765 /* main.m in Sources */ = {isa = PBXBuildFile; fileRef = 895D5277205D4409005A1765 /* main.m */; };
		899E77B22068B8D900529648 /* CrashReportLib.framework in Frameworks */ = {isa = PBXBuildFile; fileRef = 899E77B02068B8D800529648 /* CrashReportLib.framework */; };
		899E77B32068B8D900529648 /* MqaCore.framework in Frameworks */ = {isa = PBXBuildFile; fileRef = 899E77B12068B8D900529648 /* MqaCore.framework */; };
		899E77B42068B8E800529648 /* CrashReportLib.framework in Embed Frameworks */ = {isa = PBXBuildFile; fileRef = 899E77B02068B8D800529648 /* CrashReportLib.framework */; settings = {ATTRIBUTES = (CodeSignOnCopy, RemoveHeadersOnCopy, ); }; };
		899E77B52068B8E800529648 /* MqaCore.framework in Embed Frameworks */ = {isa = PBXBuildFile; fileRef = 899E77B12068B8D900529648 /* MqaCore.framework */; settings = {ATTRIBUTES = (CodeSignOnCopy, RemoveHeadersOnCopy, ); }; };
/* End PBXBuildFile section */

/* Begin PBXCopyFilesBuildPhase section */
		89EB9CE220639BF300380286 /* Embed Frameworks */ = {
			isa = PBXCopyFilesBuildPhase;
			buildActionMask = 2147483647;
			dstPath = "";
			dstSubfolderSpec = 10;
			files = (
				899E77B42068B8E800529648 /* CrashReportLib.framework in Embed Frameworks */,
				899E77B52068B8E800529648 /* MqaCore.framework in Embed Frameworks */,
			);
			name = "Embed Frameworks";
			runOnlyForDeploymentPostprocessing = 0;
		};
/* End PBXCopyFilesBuildPhase section */

/* Begin PBXFileReference section */
		895D5265205D4409005A1765 /* CrashGen.app */ = {isa = PBXFileReference; explicitFileType = wrapper.application; includeInIndex = 0; path = CrashGen.app; sourceTree = BUILT_PRODUCTS_DIR; };
		895D5268205D4409005A1765 /* AppDelegate.h */ = {isa = PBXFileReference; lastKnownFileType = sourcecode.c.h; path = AppDelegate.h; sourceTree = "<group>"; };
		895D5269205D4409005A1765 /* AppDelegate.m */ = {isa = PBXFileReference; lastKnownFileType = sourcecode.c.objc; path = AppDelegate.m; sourceTree = "<group>"; };
		895D526B205D4409005A1765 /* ViewController.h */ = {isa = PBXFileReference; lastKnownFileType = sourcecode.c.h; path = ViewController.h; sourceTree = "<group>"; };
		895D526C205D4409005A1765 /* ViewController.m */ = {isa = PBXFileReference; lastKnownFileType = sourcecode.c.objc; path = ViewController.m; sourceTree = "<group>"; };
		895D526F205D4409005A1765 /* Base */ = {isa = PBXFileReference; lastKnownFileType = file.storyboard; name = Base; path = Base.lproj/Main.storyboard; sourceTree = "<group>"; };
		895D5271205D4409005A1765 /* Assets.xcassets */ = {isa = PBXFileReference; lastKnownFileType = folder.assetcatalog; path = Assets.xcassets; sourceTree = "<group>"; };
		895D5274205D4409005A1765 /* Base */ = {isa = PBXFileReference; lastKnownFileType = file.storyboard; name = Base; path = Base.lproj/LaunchScreen.storyboard; sourceTree = "<group>"; };
		895D5276205D4409005A1765 /* Info.plist */ = {isa = PBXFileReference; lastKnownFileType = text.plist.xml; path = Info.plist; sourceTree = "<group>"; };
		895D5277205D4409005A1765 /* main.m */ = {isa = PBXFileReference; lastKnownFileType = sourcecode.c.objc; path = main.m; sourceTree = "<group>"; };
		899E77B02068B8D800529648 /* CrashReportLib.framework */ = {isa = PBXFileReference; lastKnownFileType = wrapper.framework; name = CrashReportLib.framework; path = "../../../MobileQA SDK/iOS/Library/CrashReportLib.framework"; sourceTree = "<group>"; };
		899E77B12068B8D900529648 /* MqaCore.framework */ = {isa = PBXFileReference; lastKnownFileType = wrapper.framework; name = MqaCore.framework; path = "../../../MobileQA SDK/iOS/Library/MqaCore.framework"; sourceTree = "<group>"; };
/* End PBXFileReference section */

/* Begin PBXFrameworksBuildPhase section */
		895D5262205D4409005A1765 /* Frameworks */ = {
			isa = PBXFrameworksBuildPhase;
			buildActionMask = 2147483647;
			files = (
				899E77B22068B8D900529648 /* CrashReportLib.framework in Frameworks */,
				899E77B32068B8D900529648 /* MqaCore.framework in Frameworks */,
			);
			runOnlyForDeploymentPostprocessing = 0;
		};
/* End PBXFrameworksBuildPhase section */

/* Begin PBXGroup section */
		895D525C205D4409005A1765 = {
			isa = PBXGroup;
			children = (
				895D5267205D4409005A1765 /* CrashSample */,
				895D5266205D4409005A1765 /* Products */,
				899E77B02068B8D800529648 /* CrashReportLib.framework */,
				899E77B12068B8D900529648 /* MqaCore.framework */,
			);
			sourceTree = "<group>";
		};
		895D5266205D4409005A1765 /* Products */ = {
			isa = PBXGroup;
			children = (
				895D5265205D4409005A1765 /* CrashGen.app */,
			);
			name = Products;
			sourceTree = "<group>";
		};
		895D5267205D4409005A1765 /* CrashSample */ = {
			isa = PBXGroup;
			children = (
				895D5268205D4409005A1765 /* AppDelegate.h */,
				895D5269205D4409005A1765 /* AppDelegate.m */,
				895D526B205D4409005A1765 /* ViewController.h */,
				895D526C205D4409005A1765 /* ViewController.m */,
				895D526E205D4409005A1765 /* Main.storyboard */,
				895D5271205D4409005A1765 /* Assets.xcassets */,
				895D5273205D4409005A1765 /* LaunchScreen.storyboard */,
				895D5276205D4409005A1765 /* Info.plist */,
				895D5277205D4409005A1765 /* main.m */,
			);
			path = CrashSample;
			sourceTree = "<group>";
		};
/* End PBXGroup section */

/* Begin PBXNativeTarget section */
		895D5264205D4409005A1765 /* CrashGen */ = {
			isa = PBXNativeTarget;
			buildConfigurationList = 895D527B205D4409005A1765 /* Build configuration list for PBXNativeTarget "CrashGen" */;
			buildPhases = (
				895D5261205D4409005A1765 /* Sources */,
				895D5262205D4409005A1765 /* Frameworks */,
				895D5263205D4409005A1765 /* Resources */,
				89EB9CE220639BF300380286 /* Embed Frameworks */,
			);
			buildRules = (
			);
			dependencies = (
			);
			name = CrashGen;
			productName = CrashSample;
			productReference = 895D5265205D4409005A1765 /* CrashGen.app */;
			productType = "com.apple.product-type.application";
		};
/* End PBXNativeTarget section */

/* Begin PBXProject section */
		895D525D205D4409005A1765 /* Project object */ = {
			isa = PBXProject;
			attributes = {
				LastUpgradeCheck = 0920;
				ORGANIZATIONNAME = "이승우";
				TargetAttributes = {
					895D5264205D4409005A1765 = {
						CreatedOnToolsVersion = 9.2;
						ProvisioningStyle = Automatic;
					};
				};
			};
			buildConfigurationList = 895D5260205D4409005A1765 /* Build configuration list for PBXProject "CrashGen" */;
			compatibilityVersion = "Xcode 8.0";
			developmentRegion = en;
			hasScannedForEncodings = 0;
			knownRegions = (
				en,
				Base,
			);
			mainGroup = 895D525C205D4409005A1765;
			productRefGroup = 895D5266205D4409005A1765 /* Products */;
			projectDirPath = "";
			projectRoot = "";
			targets = (
				895D5264205D4409005A1765 /* CrashGen */,
			);
		};
/* End PBXProject section */

/* Begin PBXResourcesBuildPhase section */
		895D5263205D4409005A1765 /* Resources */ = {
			isa = PBXResourcesBuildPhase;
			buildActionMask = 2147483647;
			files = (
				895D5275205D4409005A1765 /* LaunchScreen.storyboard in Resources */,
				895D5272205D4409005A1765 /* Assets.xcassets in Resources */,
				895D5270205D4409005A1765 /* Main.storyboard in Resources */,
			);
			runOnlyForDeploymentPostprocessing = 0;
		};
/* End PBXResourcesBuildPhase section */

/* Begin PBXSourcesBuildPhase section */
		895D5261205D4409005A1765 /* Sources */ = {
			isa = PBXSourcesBuildPhase;
			buildActionMask = 2147483647;
			files = (
				895D526D205D4409005A1765 /* ViewController.m in Sources */,
				895D5278205D4409005A1765 /* main.m in Sources */,
				895D526A205D4409005A1765 /* AppDelegate.m in Sources */,
			);
			runOnlyForDeploymentPostprocessing = 0;
		};
/* End PBXSourcesBuildPhase section */

/* Begin PBXVariantGroup section */
		895D526E205D4409005A1765 /* Main.storyboard */ = {
			isa = PBXVariantGroup;
			children = (
				895D526F205D4409005A1765 /* Base */,
			);
			name = Main.storyboard;
			sourceTree = "<group>";
		};
		895D5273205D4409005A1765 /* LaunchScreen.storyboard */ = {
			isa = PBXVariantGroup;
			children = (
				895D5274205D4409005A1765 /* Base */,
			);
			name = LaunchScreen.storyboard;
			sourceTree = "<group>";
		};
/* End PBXVariantGroup section */

/* Begin XCBuildConfiguration section */
		895D5279205D4409005A1765 /* Debug */ = {
			isa = XCBuildConfiguration;
			buildSettings = {
				ALWAYS_SEARCH_USER_PATHS = NO;
				CLANG_ANALYZER_NONNULL = YES;
				CLANG_ANALYZER_NUMBER_OBJECT_CONVERSION = YES_AGGRESSIVE;
				CLANG_CXX_LANGUAGE_STANDARD = "gnu++14";
				CLANG_CXX_LIBRARY = "libc++";
				CLANG_ENABLE_MODULES = YES;
				CLANG_ENABLE_OBJC_ARC = YES;
				CLANG_WARN_BLOCK_CAPTURE_AUTORELEASING = YES;
				CLANG_WARN_BOOL_CONVERSION = YES;
				CLANG_WARN_COMMA = YES;
				CLANG_WARN_CONSTANT_CONVERSION = YES;
				CLANG_WARN_DIRECT_OBJC_ISA_USAGE = YES_ERROR;
				CLANG_WARN_DOCUMENTATION_COMMENTS = YES;
				CLANG_WARN_EMPTY_BODY = YES;
				CLANG_WARN_ENUM_CONVERSION = YES;
				CLANG_WARN_INFINITE_RECURSION = YES;
				CLANG_WARN_INT_CONVERSION = YES;
				CLANG_WARN_NON_LITERAL_NULL_CONVERSION = YES;
				CLANG_WARN_OBJC_LITERAL_CONVERSION = YES;
				CLANG_WARN_OBJC_ROOT_CLASS = YES_ERROR;
				CLANG_WARN_RANGE_LOOP_ANALYSIS = YES;
				CLANG_WARN_STRICT_PROTOTYPES = YES;
				CLANG_WARN_SUSPICIOUS_MOVE = YES;
				CLANG_WARN_UNGUARDED_AVAILABILITY = YES_AGGRESSIVE;
				CLANG_WARN_UNREACHABLE_CODE = YES;
				CLANG_WARN__DUPLICATE_METHOD_MATCH = YES;
				CODE_SIGN_IDENTITY = "iPhone Developer";
				COPY_PHASE_STRIP = NO;
				DEBUG_INFORMATION_FORMAT = dwarf;
				ENABLE_STRICT_OBJC_MSGSEND = YES;
				ENABLE_TESTABILITY = YES;
				GCC_C_LANGUAGE_STANDARD = gnu11;
				GCC_DYNAMIC_NO_PIC = NO;
				GCC_NO_COMMON_BLOCKS = YES;
				GCC_OPTIMIZATION_LEVEL = 0;
				GCC_PREPROCESSOR_DEFINITIONS = (
					"DEBUG=1",
					"$(inherited)",
				);
				GCC_WARN_64_TO_32_BIT_CONVERSION = YES;
				GCC_WARN_ABOUT_RETURN_TYPE = YES_ERROR;
				GCC_WARN_UNDECLARED_SELECTOR = YES;
				GCC_WARN_UNINITIALIZED_AUTOS = YES_AGGRESSIVE;
				GCC_WARN_UNUSED_FUNCTION = YES;
				GCC_WARN_UNUSED_VARIABLE = YES;
				IPHONEOS_DEPLOYMENT_TARGET = 11.2;
				MTL_ENABLE_DEBUG_INFO = YES;
				ONLY_ACTIVE_ARCH = YES;
				SDKROOT = iphoneos;
			};
			name = Debug;
		};
		895D527A205D4409005A1765 /* Release */ = {
			isa = XCBuildConfiguration;
			buildSettings = {
				ALWAYS_SEARCH_USER_PATHS = NO;
				CLANG_ANALYZER_NONNULL = YES;
				CLANG_ANALYZER_NUMBER_OBJECT_CONVERSION = YES_AGGRESSIVE;
				CLANG_CXX_LANGUAGE_STANDARD = "gnu++14";
				CLANG_CXX_LIBRARY = "libc++";
				CLANG_ENABLE_MODULES = YES;
				CLANG_ENABLE_OBJC_ARC = YES;
				CLANG_WARN_BLOCK_CAPTURE_AUTORELEASING = YES;
				CLANG_WARN_BOOL_CONVERSION = YES;
				CLANG_WARN_COMMA = YES;
				CLANG_WARN_CONSTANT_CONVERSION = YES;
				CLANG_WARN_DIRECT_OBJC_ISA_USAGE = YES_ERROR;
				CLANG_WARN_DOCUMENTATION_COMMENTS = YES;
				CLANG_WARN_EMPTY_BODY = YES;
				CLANG_WARN_ENUM_CONVERSION = YES;
				CLANG_WARN_INFINITE_RECURSION = YES;
				CLANG_WARN_INT_CONVERSION = YES;
				CLANG_WARN_NON_LITERAL_NULL_CONVERSION = YES;
				CLANG_WARN_OBJC_LITERAL_CONVERSION = YES;
				CLANG_WARN_OBJC_ROOT_CLASS = YES_ERROR;
				CLANG_WARN_RANGE_LOOP_ANALYSIS = YES;
				CLANG_WARN_STRICT_PROTOTYPES = YES;
				CLANG_WARN_SUSPICIOUS_MOVE = YES;
				CLANG_WARN_UNGUARDED_AVAILABILITY = YES_AGGRESSIVE;
				CLANG_WARN_UNREACHABLE_CODE = YES;
				CLANG_WARN__DUPLICATE_METHOD_MATCH = YES;
				CODE_SIGN_IDENTITY = "iPhone Developer";
				COPY_PHASE_STRIP = NO;
				DEBUG_INFORMATION_FORMAT = "dwarf-with-dsym";
				ENABLE_NS_ASSERTIONS = NO;
				ENABLE_STRICT_OBJC_MSGSEND = YES;
				GCC_C_LANGUAGE_STANDARD = gnu11;
				GCC_NO_COMMON_BLOCKS = YES;
				GCC_WARN_64_TO_32_BIT_CONVERSION = YES;
				GCC_WARN_ABOUT_RETURN_TYPE = YES_ERROR;
				GCC_WARN_UNDECLARED_SELECTOR = YES;
				GCC_WARN_UNINITIALIZED_AUTOS = YES_AGGRESSIVE;
				GCC_WARN_UNUSED_FUNCTION = YES;
				GCC_WARN_UNUSED_VARIABLE = YES;
				IPHONEOS_DEPLOYMENT_TARGET = 11.2;
				MTL_ENABLE_DEBUG_INFO = NO;
				SDKROOT = iphoneos;
				VALIDATE_PRODUCT = YES;
			};
			name = Release;
		};
		895D527C205D4409005A1765 /* Debug */ = {
			isa = XCBuildConfiguration;
			buildSettings = {
				ALWAYS_SEARCH_USER_PATHS = NO;
				ASSETCATALOG_COMPILER_APPICON_NAME = AppIcon;
				CODE_SIGN_STYLE = Automatic;
				DEVELOPMENT_TEAM = AA9J9B49AA;
				HEADER_SEARCH_PATHS = "";
				INFOPLIST_FILE = CrashSample/Info.plist;
				IPHONEOS_DEPLOYMENT_TARGET = 11.2;
				LD_RUNPATH_SEARCH_PATHS = "$(inherited) @executable_path/Frameworks";
				LIBRARY_SEARCH_PATHS = "";
				PRODUCT_BUNDLE_IDENTIFIER = kr.peopledream.mqa.CrashGen;
				PRODUCT_NAME = "$(TARGET_NAME)";
				TARGETED_DEVICE_FAMILY = "1,2";
			};
			name = Debug;
		};
		895D527D205D4409005A1765 /* Release */ = {
			isa = XCBuildConfiguration;
			buildSettings = {
				ALWAYS_SEARCH_USER_PATHS = NO;
				ASSETCATALOG_COMPILER_APPICON_NAME = AppIcon;
				CODE_SIGN_STYLE = Automatic;
				DEVELOPMENT_TEAM = AA9J9B49AA;
				HEADER_SEARCH_PATHS = "";
				INFOPLIST_FILE = CrashSample/Info.plist;
				IPHONEOS_DEPLOYMENT_TARGET = 11.2;
				LD_RUNPATH_SEARCH_PATHS = "$(inherited) @executable_path/Frameworks";
				LIBRARY_SEARCH_PATHS = "";
				PRODUCT_BUNDLE_IDENTIFIER = kr.peopledream.mqa.CrashGen;
				PRODUCT_NAME = "$(TARGET_NAME)";
				TARGETED_DEVICE_FAMILY = "1,2";
			};
			name = Release;
		};
/* End XCBuildConfiguration section */

/* Begin XCConfigurationList section */
		895D5260205D4409005A1765 /* Build configuration list for PBXProject "CrashGen" */ = {
			isa = XCConfigurationList;
			buildConfigurations = (
				895D5279205D4409005A1765 /* Debug */,
				895D527A205D4409005A1765 /* Release */,
			);
			defaultConfigurationIsVisible = 0;
			defaultConfigurationName = Release;
		};
		895D527B205D4409005A1765 /* Build configuration list for PBXNativeTarget "CrashGen" */ = {
			isa = XCConfigurationList;
			buildConfigurations = (
				895D527C205D4409005A1765 /* Debug */,
				895D527D205D4409005A1765 /* Release */,
			);
			defaultConfigurationIsVisible = 0;
			defaultConfigurationName = Release;
		};
/* End XCConfigurationList section */
	};
	rootObject = 895D525D205D4409005A1765 /* Project object */;
}
